
Microsoft Visual Studio Solution File, Format Version 12.00
# Visual Studio Version 16
VisualStudioVersion = 16.0.30114.105
MinimumVisualStudioVersion = 10.0.40219.1
Project("{FAE04EC0-301F-11D3-BF4B-00C04F79EFBC}") = "HKToolUtils", "HKToolUtils\HKToolUtils.csproj", "{163D9B1A-D75C-4B67-8008-6B1C620DE911}"
EndProject
Project("{FAE04EC0-301F-11D3-BF4B-00C04F79EFBC}") = "HKTool.ProjectManager", "HKTool.ProjectManager\HKTool.ProjectManager.csproj", "{27695DD8-D87D-4084-940E-090A529188B6}"
EndProject
Global
	GlobalSection(SolutionConfigurationPlatforms) = preSolution
		Debug|Any CPU = Debug|Any CPU
		Debug|x64 = Debug|x64
		Debug|x86 = Debug|x86
		Release|Any CPU = Release|Any CPU
		Release|x64 = Release|x64
		Release|x86 = Release|x86
	EndGlobalSection
	GlobalSection(ProjectConfigurationPlatforms) = postSolution
		{163D9B1A-D75C-4B67-8008-6B1C620DE911}.Debug|Any CPU.ActiveCfg = Debug|Any CPU
		{163D9B1A-D75C-4B67-8008-6B1C620DE911}.Debug|Any CPU.Build.0 = Debug|Any CPU
		{163D9B1A-D75C-4B67-8008-6B1C620DE911}.Debug|x64.ActiveCfg = Debug|Any CPU
		{163D9B1A-D75C-4B67-8008-6B1C620DE911}.Debug|x64.Build.0 = Debug|Any CPU
		{163D9B1A-D75C-4B67-8008-6B1C620DE911}.Debug|x86.ActiveCfg = Debug|Any CPU
		{163D9B1A-D75C-4B67-8008-6B1C620DE911}.Debug|x86.Build.0 = Debug|Any CPU
		{163D9B1A-D75C-4B67-8008-6B1C620DE911}.Release|Any CPU.ActiveCfg = Debug|Any CPU
		{163D9B1A-D75C-4B67-8008-6B1C620DE911}.Release|Any CPU.Build.0 = Debug|Any CPU
		{163D9B1A-D75C-4B67-8008-6B1C620DE911}.Release|x64.ActiveCfg = Debug|Any CPU
		{163D9B1A-D75C-4B67-8008-6B1C620DE911}.Release|x64.Build.0 = Debug|Any CPU
		{163D9B1A-D75C-4B67-8008-6B1C620DE911}.Release|x86.ActiveCfg = Debug|Any CPU
		{163D9B1A-D75C-4B67-8008-6B1C620DE911}.Release|x86.Build.0 = Debug|Any CPU
		{27695DD8-D87D-4084-940E-090A529188B6}.Debug|Any CPU.ActiveCfg = Debug|Any CPU
		{27695DD8-D87D-4084-940E-090A529188B6}.Debug|Any CPU.Build.0 = Debug|Any CPU
		{27695DD8-D87D-4084-940E-090A529188B6}.Debug|x64.ActiveCfg = Debug|Any CPU
		{27695DD8-D87D-4084-940E-090A529188B6}.Debug|x64.Build.0 = Debug|Any CPU
		{27695DD8-D87D-4084-940E-090A529188B6}.Debug|x86.ActiveCfg = Debug|Any CPU
		{27695DD8-D87D-4084-940E-090A529188B6}.Debug|x86.Build.0 = Debug|Any CPU
		{27695DD8-D87D-4084-940E-090A529188B6}.Release|Any CPU.ActiveCfg = Debug|Any CPU
		{27695DD8-D87D-4084-940E-090A529188B6}.Release|Any CPU.Build.0 = Debug|Any CPU
		{27695DD8-D87D-4084-940E-090A529188B6}.Release|x64.ActiveCfg = Debug|Any CPU
		{27695DD8-D87D-4084-940E-090A529188B6}.Release|x64.Build.0 = Debug|Any CPU
		{27695DD8-D87D-4084-940E-090A529188B6}.Release|x86.ActiveCfg = Debug|Any CPU
		{27695DD8-D87D-4084-940E-090A529188B6}.Release|x86.Build.0 = Debug|Any CPU
	EndGlobalSection
	GlobalSection(SolutionProperties) = preSolution
		HideSolutionNode = FALSE
	EndGlobalSection
	GlobalSection(ExtensibilityGlobals) = postSolution
		SolutionGuid = {05727118-3D2D-456E-857E-73E1B8ACDDB3}
	EndGlobalSection
EndGlobal
